// !$*UTF8*$!
{
	archiveVersion = 1;
	classes = {
	};
	objectVersion = 48;
	objects = {

/* Begin PBXBuildFile section */
		377C362220B2EF6700485720 /* EmmasSumViewController.swift in Sources */ = {isa = PBXBuildFile; fileRef = 377C362120B2EF6700485720 /* EmmasSumViewController.swift */; };
		377C362420BAA9D500485720 /* dance_song.mp3 in Resources */ = {isa = PBXBuildFile; fileRef = 377C362320BAA9D400485720 /* dance_song.mp3 */; };
		379A7224208B9CF800BB67C6 /* AppDelegate.swift in Sources */ = {isa = PBXBuildFile; fileRef = 379A7223208B9CF800BB67C6 /* AppDelegate.swift */; };
		379A7226208B9CF800BB67C6 /* SumViewController.swift in Sources */ = {isa = PBXBuildFile; fileRef = 379A7225208B9CF800BB67C6 /* SumViewController.swift */; };
		379A7229208B9CF800BB67C6 /* Main.storyboard in Resources */ = {isa = PBXBuildFile; fileRef = 379A7227208B9CF800BB67C6 /* Main.storyboard */; };
		379A722B208B9CF800BB67C6 /* Assets.xcassets in Resources */ = {isa = PBXBuildFile; fileRef = 379A722A208B9CF800BB67C6 /* Assets.xcassets */; };
		379A722E208B9CF800BB67C6 /* LaunchScreen.storyboard in Resources */ = {isa = PBXBuildFile; fileRef = 379A722C208B9CF800BB67C6 /* LaunchScreen.storyboard */; };
		37DF82EA20A46D2D00BFB13E /* sum.swift in Sources */ = {isa = PBXBuildFile; fileRef = 37DF82E920A46D2D00BFB13E /* sum.swift */; };
		37DF82EC20A46F2800BFB13E /* User.swift in Sources */ = {isa = PBXBuildFile; fileRef = 37DF82EB20A46F2800BFB13E /* User.swift */; };
/* End PBXBuildFile section */

/* Begin PBXFileReference section */
		377C362120B2EF6700485720 /* EmmasSumViewController.swift */ = {isa = PBXFileReference; lastKnownFileType = sourcecode.swift; path = EmmasSumViewController.swift; sourceTree = "<group>"; };
		377C362320BAA9D400485720 /* dance_song.mp3 */ = {isa = PBXFileReference; lastKnownFileType = audio.mp3; path = dance_song.mp3; sourceTree = "<group>"; };
		379A7220208B9CF800BB67C6 /* AddingUp.app */ = {isa = PBXFileReference; explicitFileType = wrapper.application; includeInIndex = 0; path = AddingUp.app; sourceTree = BUILT_PRODUCTS_DIR; };
		379A7223208B9CF800BB67C6 /* AppDelegate.swift */ = {isa = PBXFileReference; lastKnownFileType = sourcecode.swift; path = AppDelegate.swift; sourceTree = "<group>"; };
		379A7225208B9CF800BB67C6 /* SumViewController.swift */ = {isa = PBXFileReference; lastKnownFileType = sourcecode.swift; path = SumViewController.swift; sourceTree = "<group>"; };
		379A7228208B9CF800BB67C6 /* Base */ = {isa = PBXFileReference; lastKnownFileType = file.storyboard; name = Base; path = Base.lproj/Main.storyboard; sourceTree = "<group>"; };
		379A722A208B9CF800BB67C6 /* Assets.xcassets */ = {isa = PBXFileReference; lastKnownFileType = folder.assetcatalog; path = Assets.xcassets; sourceTree = "<group>"; };
		379A722D208B9CF800BB67C6 /* Base */ = {isa = PBXFileReference; lastKnownFileType = file.storyboard; name = Base; path = Base.lproj/LaunchScreen.storyboard; sourceTree = "<group>"; };
		379A722F208B9CF800BB67C6 /* Info.plist */ = {isa = PBXFileReference; lastKnownFileType = text.plist.xml; path = Info.plist; sourceTree = "<group>"; };
		37DF82E920A46D2D00BFB13E /* sum.swift */ = {isa = PBXFileReference; lastKnownFileType = sourcecode.swift; path = sum.swift; sourceTree = "<group>"; };
		37DF82EB20A46F2800BFB13E /* User.swift */ = {isa = PBXFileReference; lastKnownFileType = sourcecode.swift; path = User.swift; sourceTree = "<group>"; };
/* End PBXFileReference section */

/* Begin PBXFrameworksBuildPhase section */
		379A721D208B9CF800BB67C6 /* Frameworks */ = {
			isa = PBXFrameworksBuildPhase;
			buildActionMask = 2147483647;
			files = (
			);
			runOnlyForDeploymentPostprocessing = 0;
		};
/* End PBXFrameworksBuildPhase section */

/* Begin PBXGroup section */
		379A7217208B9CF800BB67C6 = {
			isa = PBXGroup;
			children = (
				379A7222208B9CF800BB67C6 /* AddingUp */,
				379A7221208B9CF800BB67C6 /* Products */,
			);
			sourceTree = "<group>";
		};
		379A7221208B9CF800BB67C6 /* Products */ = {
			isa = PBXGroup;
			children = (
				379A7220208B9CF800BB67C6 /* AddingUp.app */,
			);
			name = Products;
			sourceTree = "<group>";
		};
		379A7222208B9CF800BB67C6 /* AddingUp */ = {
			isa = PBXGroup;
			children = (
				379A7223208B9CF800BB67C6 /* AppDelegate.swift */,
				379A7225208B9CF800BB67C6 /* SumViewController.swift */,
				377C362120B2EF6700485720 /* EmmasSumViewController.swift */,
				37DF82E920A46D2D00BFB13E /* sum.swift */,
				37DF82EB20A46F2800BFB13E /* User.swift */,
				379A7227208B9CF800BB67C6 /* Main.storyboard */,
				377C362320BAA9D400485720 /* dance_song.mp3 */,
				379A722A208B9CF800BB67C6 /* Assets.xcassets */,
				379A722C208B9CF800BB67C6 /* LaunchScreen.storyboard */,
				379A722F208B9CF800BB67C6 /* Info.plist */,
			);
			path = AddingUp;
			sourceTree = "<group>";
		};
/* End PBXGroup section */

/* Begin PBXNativeTarget section */
		379A721F208B9CF800BB67C6 /* AddingUp */ = {
			isa = PBXNativeTarget;
			buildConfigurationList = 379A7232208B9CF800BB67C6 /* Build configuration list for PBXNativeTarget "AddingUp" */;
			buildPhases = (
				379A721C208B9CF800BB67C6 /* Sources */,
				379A721D208B9CF800BB67C6 /* Frameworks */,
				379A721E208B9CF800BB67C6 /* Resources */,
			);
			buildRules = (
			);
			dependencies = (
			);
			name = AddingUp;
			productName = AddingUp;
			productReference = 379A7220208B9CF800BB67C6 /* AddingUp.app */;
			productType = "com.apple.product-type.application";
		};
/* End PBXNativeTarget section */

/* Begin PBXProject section */
		379A7218208B9CF800BB67C6 /* Project object */ = {
			isa = PBXProject;
			attributes = {
				LastSwiftUpdateCheck = 0920;
				LastUpgradeCheck = 0920;
				ORGANIZATIONNAME = "Daniel Jinks";
				TargetAttributes = {
					379A721F208B9CF800BB67C6 = {
						CreatedOnToolsVersion = 9.2;
						ProvisioningStyle = Automatic;
					};
				};
			};
			buildConfigurationList = 379A721B208B9CF800BB67C6 /* Build configuration list for PBXProject "AddingUp" */;
			compatibilityVersion = "Xcode 8.0";
			developmentRegion = en;
			hasScannedForEncodings = 0;
			knownRegions = (
				en,
				Base,
			);
			mainGroup = 379A7217208B9CF800BB67C6;
			productRefGroup = 379A7221208B9CF800BB67C6 /* Products */;
			projectDirPath = "";
			projectRoot = "";
			targets = (
				379A721F208B9CF800BB67C6 /* AddingUp */,
			);
		};
/* End PBXProject section */

/* Begin PBXResourcesBuildPhase section */
		379A721E208B9CF800BB67C6 /* Resources */ = {
			isa = PBXResourcesBuildPhase;
			buildActionMask = 2147483647;
			files = (
				379A722E208B9CF800BB67C6 /* LaunchScreen.storyboard in Resources */,
				379A722B208B9CF800BB67C6 /* Assets.xcassets in Resources */,
				377C362420BAA9D500485720 /* dance_song.mp3 in Resources */,
				379A7229208B9CF800BB67C6 /* Main.storyboard in Resources */,
			);
			runOnlyForDeploymentPostprocessing = 0;
		};
/* End PBXResourcesBuildPhase section */

/* Begin PBXSourcesBuildPhase section */
		379A721C208B9CF800BB67C6 /* Sources */ = {
			isa = PBXSourcesBuildPhase;
			buildActionMask = 2147483647;
			files = (
				37DF82EC20A46F2800BFB13E /* User.swift in Sources */,
				379A7226208B9CF800BB67C6 /* SumViewController.swift in Sources */,
				37DF82EA20A46D2D00BFB13E /* sum.swift in Sources */,
				377C362220B2EF6700485720 /* EmmasSumViewController.swift in Sources */,
				379A7224208B9CF800BB67C6 /* AppDelegate.swift in Sources */,
			);
			runOnlyForDeploymentPostprocessing = 0;
		};
/* End PBXSourcesBuildPhase section */

/* Begin PBXVariantGroup section */
		379A7227208B9CF800BB67C6 /* Main.storyboard */ = {
			isa = PBXVariantGroup;
			children = (
				379A7228208B9CF800BB67C6 /* Base */,
			);
			name = Main.storyboard;
			sourceTree = "<group>";
		};
		379A722C208B9CF800BB67C6 /* LaunchScreen.storyboard */ = {
			isa = PBXVariantGroup;
			children = (
				379A722D208B9CF800BB67C6 /* Base */,
			);
			name = LaunchScreen.storyboard;
			sourceTree = "<group>";
		};
/* End PBXVariantGroup section */

/* Begin XCBuildConfiguration section */
		379A7230208B9CF800BB67C6 /* Debug */ = {
			isa = XCBuildConfiguration;
			buildSettings = {
				ALWAYS_SEARCH_USER_PATHS = NO;
				CLANG_ANALYZER_NONNULL = YES;
				CLANG_ANALYZER_NUMBER_OBJECT_CONVERSION = YES_AGGRESSIVE;
				CLANG_CXX_LANGUAGE_STANDARD = "gnu++14";
				CLANG_CXX_LIBRARY = "libc++";
				CLANG_ENABLE_MODULES = YES;
				CLANG_ENABLE_OBJC_ARC = YES;
				CLANG_WARN_BLOCK_CAPTURE_AUTORELEASING = YES;
				CLANG_WARN_BOOL_CONVERSION = YES;
				CLANG_WARN_COMMA = YES;
				CLANG_WARN_CONSTANT_CONVERSION = YES;
				CLANG_WARN_DIRECT_OBJC_ISA_USAGE = YES_ERROR;
				CLANG_WARN_DOCUMENTATION_COMMENTS = YES;
				CLANG_WARN_EMPTY_BODY = YES;
				CLANG_WARN_ENUM_CONVERSION = YES;
				CLANG_WARN_INFINITE_RECURSION = YES;
				CLANG_WARN_INT_CONVERSION = YES;
				CLANG_WARN_NON_LITERAL_NULL_CONVERSION = YES;
				CLANG_WARN_OBJC_LITERAL_CONVERSION = YES;
				CLANG_WARN_OBJC_ROOT_CLASS = YES_ERROR;
				CLANG_WARN_RANGE_LOOP_ANALYSIS = YES;
				CLANG_WARN_STRICT_PROTOTYPES = YES;
				CLANG_WARN_SUSPICIOUS_MOVE = YES;
				CLANG_WARN_UNGUARDED_AVAILABILITY = YES_AGGRESSIVE;
				CLANG_WARN_UNREACHABLE_CODE = YES;
				CLANG_WARN__DUPLICATE_METHOD_MATCH = YES;
				CODE_SIGN_IDENTITY = "iPhone Developer";
				COPY_PHASE_STRIP = NO;
				DEBUG_INFORMATION_FORMAT = dwarf;
				ENABLE_STRICT_OBJC_MSGSEND = YES;
				ENABLE_TESTABILITY = YES;
				GCC_C_LANGUAGE_STANDARD = gnu11;
				GCC_DYNAMIC_NO_PIC = NO;
				GCC_NO_COMMON_BLOCKS = YES;
				GCC_OPTIMIZATION_LEVEL = 0;
				GCC_PREPROCESSOR_DEFINITIONS = (
					"DEBUG=1",
					"$(inherited)",
				);
				GCC_WARN_64_TO_32_BIT_CONVERSION = YES;
				GCC_WARN_ABOUT_RETURN_TYPE = YES_ERROR;
				GCC_WARN_UNDECLARED_SELECTOR = YES;
				GCC_WARN_UNINITIALIZED_AUTOS = YES_AGGRESSIVE;
				GCC_WARN_UNUSED_FUNCTION = YES;
				GCC_WARN_UNUSED_VARIABLE = YES;
				IPHONEOS_DEPLOYMENT_TARGET = 11.2;
				MTL_ENABLE_DEBUG_INFO = YES;
				ONLY_ACTIVE_ARCH = YES;
				SDKROOT = iphoneos;
				SWIFT_ACTIVE_COMPILATION_CONDITIONS = DEBUG;
				SWIFT_OPTIMIZATION_LEVEL = "-Onone";
			};
			name = Debug;
		};
		379A7231208B9CF800BB67C6 /* Release */ = {
			isa = XCBuildConfiguration;
			buildSettings = {
				ALWAYS_SEARCH_USER_PATHS = NO;
				CLANG_ANALYZER_NONNULL = YES;
				CLANG_ANALYZER_NUMBER_OBJECT_CONVERSION = YES_AGGRESSIVE;
				CLANG_CXX_LANGUAGE_STANDARD = "gnu++14";
				CLANG_CXX_LIBRARY = "libc++";
				CLANG_ENABLE_MODULES = YES;
				CLANG_ENABLE_OBJC_ARC = YES;
				CLANG_WARN_BLOCK_CAPTURE_AUTORELEASING = YES;
				CLANG_WARN_BOOL_CONVERSION = YES;
				CLANG_WARN_COMMA = YES;
				CLANG_WARN_CONSTANT_CONVERSION = YES;
				CLANG_WARN_DIRECT_OBJC_ISA_USAGE = YES_ERROR;
				CLANG_WARN_DOCUMENTATION_COMMENTS = YES;
				CLANG_WARN_EMPTY_BODY = YES;
				CLANG_WARN_ENUM_CONVERSION = YES;
				CLANG_WARN_INFINITE_RECURSION = YES;
				CLANG_WARN_INT_CONVERSION = YES;
				CLANG_WARN_NON_LITERAL_NULL_CONVERSION = YES;
				CLANG_WARN_OBJC_LITERAL_CONVERSION = YES;
				CLANG_WARN_OBJC_ROOT_CLASS = YES_ERROR;
				CLANG_WARN_RANGE_LOOP_ANALYSIS = YES;
				CLANG_WARN_STRICT_PROTOTYPES = YES;
				CLANG_WARN_SUSPICIOUS_MOVE = YES;
				CLANG_WARN_UNGUARDED_AVAILABILITY = YES_AGGRESSIVE;
				CLANG_WARN_UNREACHABLE_CODE = YES;
				CLANG_WARN__DUPLICATE_METHOD_MATCH = YES;
				CODE_SIGN_IDENTITY = "iPhone Developer";
				COPY_PHASE_STRIP = NO;
				DEBUG_INFORMATION_FORMAT = "dwarf-with-dsym";
				ENABLE_NS_ASSERTIONS = NO;
				ENABLE_STRICT_OBJC_MSGSEND = YES;
				GCC_C_LANGUAGE_STANDARD = gnu11;
				GCC_NO_COMMON_BLOCKS = YES;
				GCC_WARN_64_TO_32_BIT_CONVERSION = YES;
				GCC_WARN_ABOUT_RETURN_TYPE = YES_ERROR;
				GCC_WARN_UNDECLARED_SELECTOR = YES;
				GCC_WARN_UNINITIALIZED_AUTOS = YES_AGGRESSIVE;
				GCC_WARN_UNUSED_FUNCTION = YES;
				GCC_WARN_UNUSED_VARIABLE = YES;
				IPHONEOS_DEPLOYMENT_TARGET = 11.2;
				MTL_ENABLE_DEBUG_INFO = NO;
				SDKROOT = iphoneos;
				SWIFT_OPTIMIZATION_LEVEL = "-Owholemodule";
				VALIDATE_PRODUCT = YES;
			};
			name = Release;
		};
		379A7233208B9CF800BB67C6 /* Debug */ = {
			isa = XCBuildConfiguration;
			buildSettings = {
				ASSETCATALOG_COMPILER_APPICON_NAME = AppIcon;
				CODE_SIGN_STYLE = Automatic;
				DEVELOPMENT_TEAM = 7N6F5527D2;
				INFOPLIST_FILE = AddingUp/Info.plist;
				LD_RUNPATH_SEARCH_PATHS = "$(inherited) @executable_path/Frameworks";
				PRODUCT_BUNDLE_IDENTIFIER = com.example.dan.AddingUp;
				PRODUCT_NAME = "$(TARGET_NAME)";
				SWIFT_VERSION = 4.0;
				TARGETED_DEVICE_FAMILY = "1,2";
			};
			name = Debug;
		};
		379A7234208B9CF800BB67C6 /* Release */ = {
			isa = XCBuildConfiguration;
			buildSettings = {
				ASSETCATALOG_COMPILER_APPICON_NAME = AppIcon;
				CODE_SIGN_STYLE = Automatic;
				DEVELOPMENT_TEAM = 7N6F5527D2;
				INFOPLIST_FILE = AddingUp/Info.plist;
				LD_RUNPATH_SEARCH_PATHS = "$(inherited) @executable_path/Frameworks";
				PRODUCT_BUNDLE_IDENTIFIER = com.example.dan.AddingUp;
				PRODUCT_NAME = "$(TARGET_NAME)";
				SWIFT_VERSION = 4.0;
				TARGETED_DEVICE_FAMILY = "1,2";
			};
			name = Release;
		};
/* End XCBuildConfiguration section */

/* Begin XCConfigurationList section */
		379A721B208B9CF800BB67C6 /* Build configuration list for PBXProject "AddingUp" */ = {
			isa = XCConfigurationList;
			buildConfigurations = (
				379A7230208B9CF800BB67C6 /* Debug */,
				379A7231208B9CF800BB67C6 /* Release */,
			);
			defaultConfigurationIsVisible = 0;
			defaultConfigurationName = Release;
		};
		379A7232208B9CF800BB67C6 /* Build configuration list for PBXNativeTarget "AddingUp" */ = {
			isa = XCConfigurationList;
			buildConfigurations = (
				379A7233208B9CF800BB67C6 /* Debug */,
				379A7234208B9CF800BB67C6 /* Release */,
			);
			defaultConfigurationIsVisible = 0;
			defaultConfigurationName = Release;
		};
/* End XCConfigurationList section */
	};
	rootObject = 379A7218208B9CF800BB67C6 /* Project object */;
}
